
Microsoft Visual Studio Solution File, Format Version 12.00
# Visual Studio Version 17
VisualStudioVersion = 17.14.36414.22
MinimumVisualStudioVersion = 10.0.40219.1
Project("{2150E333-8FDC-42A3-9474-1A3956D46DE8}") = "Task0", "Task0", "{02EA681E-C7D8-13C7-8484-4AC65E1B71E8}"
EndProject
Project("{FAE04EC0-301F-11D3-BF4B-00C04F79EFBC}") = "Tyuiu.NesterenkoVV.Sprint6.Task0.V19.Test", "Tyuiu.NesterenkoVV.Sprint6.Task0.V19.Test\Tyuiu.NesterenkoVV.Sprint6.Task0.V19.Test.csproj", "{3C4168DA-CE05-4198-8C3F-935B1DC0EC18}"
EndProject
Project("{FAE04EC0-301F-11D3-BF4B-00C04F79EFBC}") = "Tyuiu.NesterenkoVV.Sprint6.Task0.V19.Lib", "Tyuiu.NesterenkoVV.Sprint6.Task0.V19.Lib\Tyuiu.NesterenkoVV.Sprint6.Task0.V19.Lib.csproj", "{AC844E79-0937-476D-BF9C-798A7FF50AA4}"
EndProject
Project("{FAE04EC0-301F-11D3-BF4B-00C04F79EFBC}") = "Tyuiu.NesterenkoVV.Sprint6.Task0.V19", "Tyuiu.NesterenkoVV.Sprint6.Task0.V19\Tyuiu.NesterenkoVV.Sprint6.Task0.V19.csproj", "{7CF14633-1084-43A1-8FBA-521B7FD20431}"
EndProject
Project("{2150E333-8FDC-42A3-9474-1A3956D46DE8}") = "Task1", "Task1", "{945F782B-B1C0-425A-B483-2BA1726EB38F}"
EndProject
Project("{FAE04EC0-301F-11D3-BF4B-00C04F79EFBC}") = "Tyuiu.NesterenkoVV.Sprint6.Task1.V6.Lib", "Tyuiu.NesterenkoVV.Sprint6.Task1.V6.Lib\Tyuiu.NesterenkoVV.Sprint6.Task1.V6.Lib.csproj", "{48F16A52-4E03-4184-B802-916B5FDB7DF0}"
EndProject
Project("{FAE04EC0-301F-11D3-BF4B-00C04F79EFBC}") = "Tyuiu.NesterenkoVV.Sprint6.Task1.V6.Test", "Tyuiu.NesterenkoVV.Sprint6.Task1.V6.Test\Tyuiu.NesterenkoVV.Sprint6.Task1.V6.Test.csproj", "{CE0FB97A-01EA-482D-A952-30954E832939}"
EndProject
Project("{FAE04EC0-301F-11D3-BF4B-00C04F79EFBC}") = "Tyuiu.NesterenkoVV.Sprint6.Task1.V6", "Tyuiu.NesterenkoVV.Sprint6.Task1.V6\Tyuiu.NesterenkoVV.Sprint6.Task1.V6.csproj", "{4CE9B5A9-0CFD-4000-95D4-62B6D4D26103}"
EndProject
Project("{2150E333-8FDC-42A3-9474-1A3956D46DE8}") = "Task2", "Task2", "{F0B036A0-30AC-4321-B798-49B330F65515}"
EndProject
Project("{FAE04EC0-301F-11D3-BF4B-00C04F79EFBC}") = "Tyuiu.NesterenkoVV.Sprint6.Task2.V23.Lib", "Tyuiu.NesterenkoVV.Sprint6.Task2.V23.Lib\Tyuiu.NesterenkoVV.Sprint6.Task2.V23.Lib.csproj", "{C86F95F1-9230-46B1-9448-135368DD16BB}"
EndProject
Project("{FAE04EC0-301F-11D3-BF4B-00C04F79EFBC}") = "Tyuiu.NesterenkoVV.Sprint6.Task2.V23.Test", "Tyuiu.NesterenkoVV.Sprint6.Task2.V23.Test\Tyuiu.NesterenkoVV.Sprint6.Task2.V23.Test.csproj", "{AB90D7E2-906C-4DAD-85BA-6798C0AB7DBF}"
EndProject
Project("{FAE04EC0-301F-11D3-BF4B-00C04F79EFBC}") = "Tyuiu.NesterenkoVV.Sprint6.Task2.V23", "Tyuiu.NesterenkoVV.Sprint6.Task2.V23\Tyuiu.NesterenkoVV.Sprint6.Task2.V23.csproj", "{1BD6343B-0F2B-4A59-947A-32A370C17E12}"
EndProject
Project("{2150E333-8FDC-42A3-9474-1A3956D46DE8}") = "Task3", "Task3", "{1D3B9607-C277-4E96-BC24-243710FA0AA1}"
EndProject
Project("{FAE04EC0-301F-11D3-BF4B-00C04F79EFBC}") = "Tyuiu.NesterenkoVV.Sprint6.Task3.V27.Lib", "Tyuiu.NesterenkoVV.Sprint6.Task3.V27.Lib\Tyuiu.NesterenkoVV.Sprint6.Task3.V27.Lib.csproj", "{48FDF0A4-0B00-4AB3-B335-32551C77E6B9}"
EndProject
Project("{FAE04EC0-301F-11D3-BF4B-00C04F79EFBC}") = "Tyuiu.NesterenkoVV.Sprint6.Task3.V27.Test", "Tyuiu.NesterenkoVV.Sprint6.Task3.V27.Test\Tyuiu.NesterenkoVV.Sprint6.Task3.V27.Test.csproj", "{02F3D15A-6782-4682-B7A7-43AD018B3F6B}"
EndProject
Project("{FAE04EC0-301F-11D3-BF4B-00C04F79EFBC}") = "Tyuiu.NesterenkoVV.Sprint6.Task3.V27", "Tyuiu.NesterenkoVV.Sprint6.Task3.V27\Tyuiu.NesterenkoVV.Sprint6.Task3.V27.csproj", "{CE1DCE95-9AC8-4BF4-871D-8C16B5BBC958}"
EndProject
Project("{2150E333-8FDC-42A3-9474-1A3956D46DE8}") = "Task4", "Task4", "{F7391391-DB86-4AC2-9CB4-30D5C93602B0}"
EndProject
Project("{FAE04EC0-301F-11D3-BF4B-00C04F79EFBC}") = "Tyuiu.NesterenkoVV.Sprint6.Task4.V3", "Tyuiu.NesterenkoVV.Sprint6.Task4.V3\Tyuiu.NesterenkoVV.Sprint6.Task4.V3.csproj", "{D5581FD6-C59D-4EE9-8507-C35CA732F2C2}"
EndProject
Project("{FAE04EC0-301F-11D3-BF4B-00C04F79EFBC}") = "Tyuiu.NesterenkoVV.Sprint6.Task4.V3.Lib", "Tyuiu.NesterenkoVV.Sprint6.Task4.V3.Lib\Tyuiu.NesterenkoVV.Sprint6.Task4.V3.Lib.csproj", "{1026C37A-47F9-4FCA-A633-1F5AC46ED74C}"
EndProject
Project("{FAE04EC0-301F-11D3-BF4B-00C04F79EFBC}") = "Tyuiu.NesterenkoVV.Sprint6.Task4.V3.Test", "Tyuiu.NesterenkoVV.Sprint6.Task4.V3.Test\Tyuiu.NesterenkoVV.Sprint6.Task4.V3.Test.csproj", "{686092E3-99AD-40D5-8EEC-54AC05BB90BD}"
EndProject
Project("{2150E333-8FDC-42A3-9474-1A3956D46DE8}") = "Task5", "Task5", "{1040F500-3D11-41C3-8C7A-34E9B6039C55}"
EndProject
Project("{FAE04EC0-301F-11D3-BF4B-00C04F79EFBC}") = "Tyuiu.NesterenkoVV.Sprint6.Task5.V11", "Tyuiu.NesterenkoVV.Sprint6.Task5.V11\Tyuiu.NesterenkoVV.Sprint6.Task5.V11.csproj", "{D1A04B02-E128-4E01-AD62-7F0CB4C76598}"
EndProject
Project("{FAE04EC0-301F-11D3-BF4B-00C04F79EFBC}") = "Tyuiu.NesterenkoVV.Sprint6.Task5.V11.Lib", "Tyuiu.NesterenkoVV.Sprint6.Task5.V11.Lib\Tyuiu.NesterenkoVV.Sprint6.Task5.V11.Lib.csproj", "{0B78D8AD-ADEA-4769-B52C-DDC50569BC28}"
EndProject
Project("{FAE04EC0-301F-11D3-BF4B-00C04F79EFBC}") = "Tyuiu.NesterenkoVV.Sprint6.Task5.V11.Test", "Tyuiu.NesterenkoVV.Sprint6.Task5.V11.Test\Tyuiu.NesterenkoVV.Sprint6.Task5.V11.Test.csproj", "{964A5F41-4221-4A97-A197-6694BF11F710}"
EndProject
Project("{2150E333-8FDC-42A3-9474-1A3956D46DE8}") = "Task6", "Task6", "{47799D39-ACE4-4C8C-9881-25432BDC603E}"
EndProject
Project("{FAE04EC0-301F-11D3-BF4B-00C04F79EFBC}") = "Tyuiu.NesterenkoVV.Sprint6.Task6.V16.Lib", "Tyuiu.NesterenkoVV.Sprint6.Task6.V16.Lib\Tyuiu.NesterenkoVV.Sprint6.Task6.V16.Lib.csproj", "{5E3CA95D-7AB5-4809-8521-F6363165B15A}"
EndProject
Project("{FAE04EC0-301F-11D3-BF4B-00C04F79EFBC}") = "Tyuiu.NesterenkoVV.Sprint6.Task6.V16.Test", "Tyuiu.NesterenkoVV.Sprint6.Task6.V16.Test\Tyuiu.NesterenkoVV.Sprint6.Task6.V16.Test.csproj", "{7CC64509-9780-4C71-8160-ECB0B36E3A56}"
EndProject
Project("{FAE04EC0-301F-11D3-BF4B-00C04F79EFBC}") = "Tyuiu.NesterenkoVV.Sprint6.Task6.V16", "Tyuiu.NesterenkoVV.Sprint6.Task6.V16\Tyuiu.NesterenkoVV.Sprint6.Task6.V16.csproj", "{0256D594-60F4-49DD-B061-7F59906C7EDF}"
EndProject
Project("{2150E333-8FDC-42A3-9474-1A3956D46DE8}") = "Task7", "Task7", "{E8931175-644D-4A6A-9013-7A49EF8D4129}"
EndProject
Project("{FAE04EC0-301F-11D3-BF4B-00C04F79EFBC}") = "Tyuiu.NesterenkoVV.Sprint6.Task7.V14.Lib", "Tyuiu.NesterenkoVV.Sprint6.Task7.V14.Lib\Tyuiu.NesterenkoVV.Sprint6.Task7.V14.Lib.csproj", "{1FF60CF8-C570-4714-8D99-A42C725EE25E}"
EndProject
Project("{FAE04EC0-301F-11D3-BF4B-00C04F79EFBC}") = "Tyuiu.NesterenkoVV.Sprint6.Task7.V14", "Tyuiu.NesterenkoVV.Sprint6.Task7.V14\Tyuiu.NesterenkoVV.Sprint6.Task7.V14.csproj", "{6D0C2240-D05F-4FD6-9EA8-88EA555F640D}"
EndProject
Project("{FAE04EC0-301F-11D3-BF4B-00C04F79EFBC}") = "Tyuiu.NesterenkoVV.Sprint6.Task7.V14.Test", "Tyuiu.NesterenkoVV.Sprint6.Task7.V14.Test\Tyuiu.NesterenkoVV.Sprint6.Task7.V14.Test.csproj", "{6B7103C5-5550-4E5D-89F5-05A7B025AE11}"
EndProject
Global
	GlobalSection(SolutionConfigurationPlatforms) = preSolution
		Debug|Any CPU = Debug|Any CPU
		Release|Any CPU = Release|Any CPU
	EndGlobalSection
	GlobalSection(ProjectConfigurationPlatforms) = postSolution
		{3C4168DA-CE05-4198-8C3F-935B1DC0EC18}.Debug|Any CPU.ActiveCfg = Debug|Any CPU
		{3C4168DA-CE05-4198-8C3F-935B1DC0EC18}.Debug|Any CPU.Build.0 = Debug|Any CPU
		{3C4168DA-CE05-4198-8C3F-935B1DC0EC18}.Release|Any CPU.ActiveCfg = Release|Any CPU
		{3C4168DA-CE05-4198-8C3F-935B1DC0EC18}.Release|Any CPU.Build.0 = Release|Any CPU
		{AC844E79-0937-476D-BF9C-798A7FF50AA4}.Debug|Any CPU.ActiveCfg = Debug|Any CPU
		{AC844E79-0937-476D-BF9C-798A7FF50AA4}.Debug|Any CPU.Build.0 = Debug|Any CPU
		{AC844E79-0937-476D-BF9C-798A7FF50AA4}.Release|Any CPU.ActiveCfg = Release|Any CPU
		{AC844E79-0937-476D-BF9C-798A7FF50AA4}.Release|Any CPU.Build.0 = Release|Any CPU
		{7CF14633-1084-43A1-8FBA-521B7FD20431}.Debug|Any CPU.ActiveCfg = Debug|Any CPU
		{7CF14633-1084-43A1-8FBA-521B7FD20431}.Debug|Any CPU.Build.0 = Debug|Any CPU
		{7CF14633-1084-43A1-8FBA-521B7FD20431}.Release|Any CPU.ActiveCfg = Release|Any CPU
		{7CF14633-1084-43A1-8FBA-521B7FD20431}.Release|Any CPU.Build.0 = Release|Any CPU
		{48F16A52-4E03-4184-B802-916B5FDB7DF0}.Debug|Any CPU.ActiveCfg = Debug|Any CPU
		{48F16A52-4E03-4184-B802-916B5FDB7DF0}.Debug|Any CPU.Build.0 = Debug|Any CPU
		{48F16A52-4E03-4184-B802-916B5FDB7DF0}.Release|Any CPU.ActiveCfg = Release|Any CPU
		{48F16A52-4E03-4184-B802-916B5FDB7DF0}.Release|Any CPU.Build.0 = Release|Any CPU
		{CE0FB97A-01EA-482D-A952-30954E832939}.Debug|Any CPU.ActiveCfg = Debug|Any CPU
		{CE0FB97A-01EA-482D-A952-30954E832939}.Debug|Any CPU.Build.0 = Debug|Any CPU
		{CE0FB97A-01EA-482D-A952-30954E832939}.Release|Any CPU.ActiveCfg = Release|Any CPU
		{CE0FB97A-01EA-482D-A952-30954E832939}.Release|Any CPU.Build.0 = Release|Any CPU
		{4CE9B5A9-0CFD-4000-95D4-62B6D4D26103}.Debug|Any CPU.ActiveCfg = Debug|Any CPU
		{4CE9B5A9-0CFD-4000-95D4-62B6D4D26103}.Debug|Any CPU.Build.0 = Debug|Any CPU
		{4CE9B5A9-0CFD-4000-95D4-62B6D4D26103}.Release|Any CPU.ActiveCfg = Release|Any CPU
		{4CE9B5A9-0CFD-4000-95D4-62B6D4D26103}.Release|Any CPU.Build.0 = Release|Any CPU
		{C86F95F1-9230-46B1-9448-135368DD16BB}.Debug|Any CPU.ActiveCfg = Debug|Any CPU
		{C86F95F1-9230-46B1-9448-135368DD16BB}.Debug|Any CPU.Build.0 = Debug|Any CPU
		{C86F95F1-9230-46B1-9448-135368DD16BB}.Release|Any CPU.ActiveCfg = Release|Any CPU
		{C86F95F1-9230-46B1-9448-135368DD16BB}.Release|Any CPU.Build.0 = Release|Any CPU
		{AB90D7E2-906C-4DAD-85BA-6798C0AB7DBF}.Debug|Any CPU.ActiveCfg = Debug|Any CPU
		{AB90D7E2-906C-4DAD-85BA-6798C0AB7DBF}.Debug|Any CPU.Build.0 = Debug|Any CPU
		{AB90D7E2-906C-4DAD-85BA-6798C0AB7DBF}.Release|Any CPU.ActiveCfg = Release|Any CPU
		{AB90D7E2-906C-4DAD-85BA-6798C0AB7DBF}.Release|Any CPU.Build.0 = Release|Any CPU
		{1BD6343B-0F2B-4A59-947A-32A370C17E12}.Debug|Any CPU.ActiveCfg = Debug|Any CPU
		{1BD6343B-0F2B-4A59-947A-32A370C17E12}.Debug|Any CPU.Build.0 = Debug|Any CPU
		{1BD6343B-0F2B-4A59-947A-32A370C17E12}.Release|Any CPU.ActiveCfg = Release|Any CPU
		{1BD6343B-0F2B-4A59-947A-32A370C17E12}.Release|Any CPU.Build.0 = Release|Any CPU
		{48FDF0A4-0B00-4AB3-B335-32551C77E6B9}.Debug|Any CPU.ActiveCfg = Debug|Any CPU
		{48FDF0A4-0B00-4AB3-B335-32551C77E6B9}.Debug|Any CPU.Build.0 = Debug|Any CPU
		{48FDF0A4-0B00-4AB3-B335-32551C77E6B9}.Release|Any CPU.ActiveCfg = Release|Any CPU
		{48FDF0A4-0B00-4AB3-B335-32551C77E6B9}.Release|Any CPU.Build.0 = Release|Any CPU
		{02F3D15A-6782-4682-B7A7-43AD018B3F6B}.Debug|Any CPU.ActiveCfg = Debug|Any CPU
		{02F3D15A-6782-4682-B7A7-43AD018B3F6B}.Debug|Any CPU.Build.0 = Debug|Any CPU
		{02F3D15A-6782-4682-B7A7-43AD018B3F6B}.Release|Any CPU.ActiveCfg = Release|Any CPU
		{02F3D15A-6782-4682-B7A7-43AD018B3F6B}.Release|Any CPU.Build.0 = Release|Any CPU
		{CE1DCE95-9AC8-4BF4-871D-8C16B5BBC958}.Debug|Any CPU.ActiveCfg = Debug|Any CPU
		{CE1DCE95-9AC8-4BF4-871D-8C16B5BBC958}.Debug|Any CPU.Build.0 = Debug|Any CPU
		{CE1DCE95-9AC8-4BF4-871D-8C16B5BBC958}.Release|Any CPU.ActiveCfg = Release|Any CPU
		{CE1DCE95-9AC8-4BF4-871D-8C16B5BBC958}.Release|Any CPU.Build.0 = Release|Any CPU
		{D5581FD6-C59D-4EE9-8507-C35CA732F2C2}.Debug|Any CPU.ActiveCfg = Debug|Any CPU
		{D5581FD6-C59D-4EE9-8507-C35CA732F2C2}.Debug|Any CPU.Build.0 = Debug|Any CPU
		{D5581FD6-C59D-4EE9-8507-C35CA732F2C2}.Release|Any CPU.ActiveCfg = Release|Any CPU
		{D5581FD6-C59D-4EE9-8507-C35CA732F2C2}.Release|Any CPU.Build.0 = Release|Any CPU
		{1026C37A-47F9-4FCA-A633-1F5AC46ED74C}.Debug|Any CPU.ActiveCfg = Debug|Any CPU
		{1026C37A-47F9-4FCA-A633-1F5AC46ED74C}.Debug|Any CPU.Build.0 = Debug|Any CPU
		{1026C37A-47F9-4FCA-A633-1F5AC46ED74C}.Release|Any CPU.ActiveCfg = Release|Any CPU
		{1026C37A-47F9-4FCA-A633-1F5AC46ED74C}.Release|Any CPU.Build.0 = Release|Any CPU
		{686092E3-99AD-40D5-8EEC-54AC05BB90BD}.Debug|Any CPU.ActiveCfg = Debug|Any CPU
		{686092E3-99AD-40D5-8EEC-54AC05BB90BD}.Debug|Any CPU.Build.0 = Debug|Any CPU
		{686092E3-99AD-40D5-8EEC-54AC05BB90BD}.Release|Any CPU.ActiveCfg = Release|Any CPU
		{686092E3-99AD-40D5-8EEC-54AC05BB90BD}.Release|Any CPU.Build.0 = Release|Any CPU
		{D1A04B02-E128-4E01-AD62-7F0CB4C76598}.Debug|Any CPU.ActiveCfg = Debug|Any CPU
		{D1A04B02-E128-4E01-AD62-7F0CB4C76598}.Debug|Any CPU.Build.0 = Debug|Any CPU
		{D1A04B02-E128-4E01-AD62-7F0CB4C76598}.Release|Any CPU.ActiveCfg = Release|Any CPU
		{D1A04B02-E128-4E01-AD62-7F0CB4C76598}.Release|Any CPU.Build.0 = Release|Any CPU
		{0B78D8AD-ADEA-4769-B52C-DDC50569BC28}.Debug|Any CPU.ActiveCfg = Debug|Any CPU
		{0B78D8AD-ADEA-4769-B52C-DDC50569BC28}.Debug|Any CPU.Build.0 = Debug|Any CPU
		{0B78D8AD-ADEA-4769-B52C-DDC50569BC28}.Release|Any CPU.ActiveCfg = Release|Any CPU
		{0B78D8AD-ADEA-4769-B52C-DDC50569BC28}.Release|Any CPU.Build.0 = Release|Any CPU
		{964A5F41-4221-4A97-A197-6694BF11F710}.Debug|Any CPU.ActiveCfg = Debug|Any CPU
		{964A5F41-4221-4A97-A197-6694BF11F710}.Debug|Any CPU.Build.0 = Debug|Any CPU
		{964A5F41-4221-4A97-A197-6694BF11F710}.Release|Any CPU.ActiveCfg = Release|Any CPU
		{964A5F41-4221-4A97-A197-6694BF11F710}.Release|Any CPU.Build.0 = Release|Any CPU
		{5E3CA95D-7AB5-4809-8521-F6363165B15A}.Debug|Any CPU.ActiveCfg = Debug|Any CPU
		{5E3CA95D-7AB5-4809-8521-F6363165B15A}.Debug|Any CPU.Build.0 = Debug|Any CPU
		{5E3CA95D-7AB5-4809-8521-F6363165B15A}.Release|Any CPU.ActiveCfg = Release|Any CPU
		{5E3CA95D-7AB5-4809-8521-F6363165B15A}.Release|Any CPU.Build.0 = Release|Any CPU
		{7CC64509-9780-4C71-8160-ECB0B36E3A56}.Debug|Any CPU.ActiveCfg = Debug|Any CPU
		{7CC64509-9780-4C71-8160-ECB0B36E3A56}.Debug|Any CPU.Build.0 = Debug|Any CPU
		{7CC64509-9780-4C71-8160-ECB0B36E3A56}.Release|Any CPU.ActiveCfg = Release|Any CPU
		{7CC64509-9780-4C71-8160-ECB0B36E3A56}.Release|Any CPU.Build.0 = Release|Any CPU
		{0256D594-60F4-49DD-B061-7F59906C7EDF}.Debug|Any CPU.ActiveCfg = Debug|Any CPU
		{0256D594-60F4-49DD-B061-7F59906C7EDF}.Debug|Any CPU.Build.0 = Debug|Any CPU
		{0256D594-60F4-49DD-B061-7F59906C7EDF}.Release|Any CPU.ActiveCfg = Release|Any CPU
		{0256D594-60F4-49DD-B061-7F59906C7EDF}.Release|Any CPU.Build.0 = Release|Any CPU
		{1FF60CF8-C570-4714-8D99-A42C725EE25E}.Debug|Any CPU.ActiveCfg = Debug|Any CPU
		{1FF60CF8-C570-4714-8D99-A42C725EE25E}.Debug|Any CPU.Build.0 = Debug|Any CPU
		{1FF60CF8-C570-4714-8D99-A42C725EE25E}.Release|Any CPU.ActiveCfg = Release|Any CPU
		{1FF60CF8-C570-4714-8D99-A42C725EE25E}.Release|Any CPU.Build.0 = Release|Any CPU
		{6D0C2240-D05F-4FD6-9EA8-88EA555F640D}.Debug|Any CPU.ActiveCfg = Debug|Any CPU
		{6D0C2240-D05F-4FD6-9EA8-88EA555F640D}.Debug|Any CPU.Build.0 = Debug|Any CPU
		{6D0C2240-D05F-4FD6-9EA8-88EA555F640D}.Release|Any CPU.ActiveCfg = Release|Any CPU
		{6D0C2240-D05F-4FD6-9EA8-88EA555F640D}.Release|Any CPU.Build.0 = Release|Any CPU
		{6B7103C5-5550-4E5D-89F5-05A7B025AE11}.Debug|Any CPU.ActiveCfg = Debug|Any CPU
		{6B7103C5-5550-4E5D-89F5-05A7B025AE11}.Debug|Any CPU.Build.0 = Debug|Any CPU
		{6B7103C5-5550-4E5D-89F5-05A7B025AE11}.Release|Any CPU.ActiveCfg = Release|Any CPU
		{6B7103C5-5550-4E5D-89F5-05A7B025AE11}.Release|Any CPU.Build.0 = Release|Any CPU
	EndGlobalSection
	GlobalSection(SolutionProperties) = preSolution
		HideSolutionNode = FALSE
	EndGlobalSection
	GlobalSection(NestedProjects) = preSolution
		{3C4168DA-CE05-4198-8C3F-935B1DC0EC18} = {02EA681E-C7D8-13C7-8484-4AC65E1B71E8}
		{AC844E79-0937-476D-BF9C-798A7FF50AA4} = {02EA681E-C7D8-13C7-8484-4AC65E1B71E8}
		{7CF14633-1084-43A1-8FBA-521B7FD20431} = {02EA681E-C7D8-13C7-8484-4AC65E1B71E8}
		{48F16A52-4E03-4184-B802-916B5FDB7DF0} = {945F782B-B1C0-425A-B483-2BA1726EB38F}
		{CE0FB97A-01EA-482D-A952-30954E832939} = {945F782B-B1C0-425A-B483-2BA1726EB38F}
		{4CE9B5A9-0CFD-4000-95D4-62B6D4D26103} = {945F782B-B1C0-425A-B483-2BA1726EB38F}
		{C86F95F1-9230-46B1-9448-135368DD16BB} = {F0B036A0-30AC-4321-B798-49B330F65515}
		{AB90D7E2-906C-4DAD-85BA-6798C0AB7DBF} = {F0B036A0-30AC-4321-B798-49B330F65515}
		{1BD6343B-0F2B-4A59-947A-32A370C17E12} = {F0B036A0-30AC-4321-B798-49B330F65515}
		{48FDF0A4-0B00-4AB3-B335-32551C77E6B9} = {1D3B9607-C277-4E96-BC24-243710FA0AA1}
		{02F3D15A-6782-4682-B7A7-43AD018B3F6B} = {1D3B9607-C277-4E96-BC24-243710FA0AA1}
		{CE1DCE95-9AC8-4BF4-871D-8C16B5BBC958} = {1D3B9607-C277-4E96-BC24-243710FA0AA1}
		{D5581FD6-C59D-4EE9-8507-C35CA732F2C2} = {F7391391-DB86-4AC2-9CB4-30D5C93602B0}
		{1026C37A-47F9-4FCA-A633-1F5AC46ED74C} = {F7391391-DB86-4AC2-9CB4-30D5C93602B0}
		{686092E3-99AD-40D5-8EEC-54AC05BB90BD} = {F7391391-DB86-4AC2-9CB4-30D5C93602B0}
		{D1A04B02-E128-4E01-AD62-7F0CB4C76598} = {1040F500-3D11-41C3-8C7A-34E9B6039C55}
		{0B78D8AD-ADEA-4769-B52C-DDC50569BC28} = {1040F500-3D11-41C3-8C7A-34E9B6039C55}
		{964A5F41-4221-4A97-A197-6694BF11F710} = {1040F500-3D11-41C3-8C7A-34E9B6039C55}
		{5E3CA95D-7AB5-4809-8521-F6363165B15A} = {47799D39-ACE4-4C8C-9881-25432BDC603E}
		{7CC64509-9780-4C71-8160-ECB0B36E3A56} = {47799D39-ACE4-4C8C-9881-25432BDC603E}
		{0256D594-60F4-49DD-B061-7F59906C7EDF} = {47799D39-ACE4-4C8C-9881-25432BDC603E}
		{1FF60CF8-C570-4714-8D99-A42C725EE25E} = {E8931175-644D-4A6A-9013-7A49EF8D4129}
		{6D0C2240-D05F-4FD6-9EA8-88EA555F640D} = {E8931175-644D-4A6A-9013-7A49EF8D4129}
		{6B7103C5-5550-4E5D-89F5-05A7B025AE11} = {E8931175-644D-4A6A-9013-7A49EF8D4129}
	EndGlobalSection
	GlobalSection(ExtensibilityGlobals) = postSolution
		SolutionGuid = {7EA0B192-28F5-42C9-BC44-E17CD4ED07F2}
	EndGlobalSection
EndGlobal
