
Microsoft Visual Studio Solution File, Format Version 12.00
# Visual Studio Version 17
VisualStudioVersion = 17.14.36414.22
MinimumVisualStudioVersion = 10.0.40219.1
Project("{2150E333-8FDC-42A3-9474-1A3956D46DE8}") = "Task0", "Task0", "{02EA681E-C7D8-13C7-8484-4AC65E1B71E8}"
EndProject
Project("{FAE04EC0-301F-11D3-BF4B-00C04F79EFBC}") = "Tyuiu.NesterenkoVV.Sprint6.Task0.V19.Test", "Tyuiu.NesterenkoVV.Sprint6.Task0.V19.Test\Tyuiu.NesterenkoVV.Sprint6.Task0.V19.Test.csproj", "{3C4168DA-CE05-4198-8C3F-935B1DC0EC18}"
EndProject
Project("{FAE04EC0-301F-11D3-BF4B-00C04F79EFBC}") = "Tyuiu.NesterenkoVV.Sprint6.Task0.V19.Lib", "Tyuiu.NesterenkoVV.Sprint6.Task0.V19.Lib\Tyuiu.NesterenkoVV.Sprint6.Task0.V19.Lib.csproj", "{AC844E79-0937-476D-BF9C-798A7FF50AA4}"
EndProject
Project("{FAE04EC0-301F-11D3-BF4B-00C04F79EFBC}") = "Tyuiu.NesterenkoVV.Sprint6.Task0.V19", "Tyuiu.NesterenkoVV.Sprint6.Task0.V19\Tyuiu.NesterenkoVV.Sprint6.Task0.V19.csproj", "{7CF14633-1084-43A1-8FBA-521B7FD20431}"
EndProject
Project("{2150E333-8FDC-42A3-9474-1A3956D46DE8}") = "Task1", "Task1", "{945F782B-B1C0-425A-B483-2BA1726EB38F}"
EndProject
Project("{FAE04EC0-301F-11D3-BF4B-00C04F79EFBC}") = "Tyuiu.NesterenkoVV.Sprint6.Task1.V6.Lib", "Tyuiu.NesterenkoVV.Sprint6.Task1.V6.Lib\Tyuiu.NesterenkoVV.Sprint6.Task1.V6.Lib.csproj", "{48F16A52-4E03-4184-B802-916B5FDB7DF0}"
EndProject
Project("{FAE04EC0-301F-11D3-BF4B-00C04F79EFBC}") = "Tyuiu.NesterenkoVV.Sprint6.Task1.V6.Test", "Tyuiu.NesterenkoVV.Sprint6.Task1.V6.Test\Tyuiu.NesterenkoVV.Sprint6.Task1.V6.Test.csproj", "{CE0FB97A-01EA-482D-A952-30954E832939}"
EndProject
Project("{FAE04EC0-301F-11D3-BF4B-00C04F79EFBC}") = "Tyuiu.NesterenkoVV.Sprint6.Task1.V6", "Tyuiu.NesterenkoVV.Sprint6.Task1.V6\Tyuiu.NesterenkoVV.Sprint6.Task1.V6.csproj", "{4CE9B5A9-0CFD-4000-95D4-62B6D4D26103}"
EndProject
Project("{2150E333-8FDC-42A3-9474-1A3956D46DE8}") = "Task2", "Task2", "{F0B036A0-30AC-4321-B798-49B330F65515}"
EndProject
Project("{FAE04EC0-301F-11D3-BF4B-00C04F79EFBC}") = "Tyuiu.NesterenkoVV.Sprint6.Task2.V23.Lib", "Tyuiu.NesterenkoVV.Sprint6.Task2.V23.Lib\Tyuiu.NesterenkoVV.Sprint6.Task2.V23.Lib.csproj", "{C86F95F1-9230-46B1-9448-135368DD16BB}"
EndProject
Project("{FAE04EC0-301F-11D3-BF4B-00C04F79EFBC}") = "Tyuiu.NesterenkoVV.Sprint6.Task2.V23.Test", "Tyuiu.NesterenkoVV.Sprint6.Task2.V23.Test\Tyuiu.NesterenkoVV.Sprint6.Task2.V23.Test.csproj", "{AB90D7E2-906C-4DAD-85BA-6798C0AB7DBF}"
EndProject
Project("{FAE04EC0-301F-11D3-BF4B-00C04F79EFBC}") = "Tyuiu.NesterenkoVV.Sprint6.Task2.V23", "Tyuiu.NesterenkoVV.Sprint6.Task2.V23\Tyuiu.NesterenkoVV.Sprint6.Task2.V23.csproj", "{1BD6343B-0F2B-4A59-947A-32A370C17E12}"
EndProject
Global
	GlobalSection(SolutionConfigurationPlatforms) = preSolution
		Debug|Any CPU = Debug|Any CPU
		Release|Any CPU = Release|Any CPU
	EndGlobalSection
	GlobalSection(ProjectConfigurationPlatforms) = postSolution
		{3C4168DA-CE05-4198-8C3F-935B1DC0EC18}.Debug|Any CPU.ActiveCfg = Debug|Any CPU
		{3C4168DA-CE05-4198-8C3F-935B1DC0EC18}.Debug|Any CPU.Build.0 = Debug|Any CPU
		{3C4168DA-CE05-4198-8C3F-935B1DC0EC18}.Release|Any CPU.ActiveCfg = Release|Any CPU
		{3C4168DA-CE05-4198-8C3F-935B1DC0EC18}.Release|Any CPU.Build.0 = Release|Any CPU
		{AC844E79-0937-476D-BF9C-798A7FF50AA4}.Debug|Any CPU.ActiveCfg = Debug|Any CPU
		{AC844E79-0937-476D-BF9C-798A7FF50AA4}.Debug|Any CPU.Build.0 = Debug|Any CPU
		{AC844E79-0937-476D-BF9C-798A7FF50AA4}.Release|Any CPU.ActiveCfg = Release|Any CPU
		{AC844E79-0937-476D-BF9C-798A7FF50AA4}.Release|Any CPU.Build.0 = Release|Any CPU
		{7CF14633-1084-43A1-8FBA-521B7FD20431}.Debug|Any CPU.ActiveCfg = Debug|Any CPU
		{7CF14633-1084-43A1-8FBA-521B7FD20431}.Debug|Any CPU.Build.0 = Debug|Any CPU
		{7CF14633-1084-43A1-8FBA-521B7FD20431}.Release|Any CPU.ActiveCfg = Release|Any CPU
		{7CF14633-1084-43A1-8FBA-521B7FD20431}.Release|Any CPU.Build.0 = Release|Any CPU
		{48F16A52-4E03-4184-B802-916B5FDB7DF0}.Debug|Any CPU.ActiveCfg = Debug|Any CPU
		{48F16A52-4E03-4184-B802-916B5FDB7DF0}.Debug|Any CPU.Build.0 = Debug|Any CPU
		{48F16A52-4E03-4184-B802-916B5FDB7DF0}.Release|Any CPU.ActiveCfg = Release|Any CPU
		{48F16A52-4E03-4184-B802-916B5FDB7DF0}.Release|Any CPU.Build.0 = Release|Any CPU
		{CE0FB97A-01EA-482D-A952-30954E832939}.Debug|Any CPU.ActiveCfg = Debug|Any CPU
		{CE0FB97A-01EA-482D-A952-30954E832939}.Debug|Any CPU.Build.0 = Debug|Any CPU
		{CE0FB97A-01EA-482D-A952-30954E832939}.Release|Any CPU.ActiveCfg = Release|Any CPU
		{CE0FB97A-01EA-482D-A952-30954E832939}.Release|Any CPU.Build.0 = Release|Any CPU
		{4CE9B5A9-0CFD-4000-95D4-62B6D4D26103}.Debug|Any CPU.ActiveCfg = Debug|Any CPU
		{4CE9B5A9-0CFD-4000-95D4-62B6D4D26103}.Debug|Any CPU.Build.0 = Debug|Any CPU
		{4CE9B5A9-0CFD-4000-95D4-62B6D4D26103}.Release|Any CPU.ActiveCfg = Release|Any CPU
		{4CE9B5A9-0CFD-4000-95D4-62B6D4D26103}.Release|Any CPU.Build.0 = Release|Any CPU
		{C86F95F1-9230-46B1-9448-135368DD16BB}.Debug|Any CPU.ActiveCfg = Debug|Any CPU
		{C86F95F1-9230-46B1-9448-135368DD16BB}.Debug|Any CPU.Build.0 = Debug|Any CPU
		{C86F95F1-9230-46B1-9448-135368DD16BB}.Release|Any CPU.ActiveCfg = Release|Any CPU
		{C86F95F1-9230-46B1-9448-135368DD16BB}.Release|Any CPU.Build.0 = Release|Any CPU
		{AB90D7E2-906C-4DAD-85BA-6798C0AB7DBF}.Debug|Any CPU.ActiveCfg = Debug|Any CPU
		{AB90D7E2-906C-4DAD-85BA-6798C0AB7DBF}.Debug|Any CPU.Build.0 = Debug|Any CPU
		{AB90D7E2-906C-4DAD-85BA-6798C0AB7DBF}.Release|Any CPU.ActiveCfg = Release|Any CPU
		{AB90D7E2-906C-4DAD-85BA-6798C0AB7DBF}.Release|Any CPU.Build.0 = Release|Any CPU
		{1BD6343B-0F2B-4A59-947A-32A370C17E12}.Debug|Any CPU.ActiveCfg = Debug|Any CPU
		{1BD6343B-0F2B-4A59-947A-32A370C17E12}.Debug|Any CPU.Build.0 = Debug|Any CPU
		{1BD6343B-0F2B-4A59-947A-32A370C17E12}.Release|Any CPU.ActiveCfg = Release|Any CPU
		{1BD6343B-0F2B-4A59-947A-32A370C17E12}.Release|Any CPU.Build.0 = Release|Any CPU
	EndGlobalSection
	GlobalSection(SolutionProperties) = preSolution
		HideSolutionNode = FALSE
	EndGlobalSection
	GlobalSection(NestedProjects) = preSolution
		{3C4168DA-CE05-4198-8C3F-935B1DC0EC18} = {02EA681E-C7D8-13C7-8484-4AC65E1B71E8}
		{AC844E79-0937-476D-BF9C-798A7FF50AA4} = {02EA681E-C7D8-13C7-8484-4AC65E1B71E8}
		{7CF14633-1084-43A1-8FBA-521B7FD20431} = {02EA681E-C7D8-13C7-8484-4AC65E1B71E8}
		{48F16A52-4E03-4184-B802-916B5FDB7DF0} = {945F782B-B1C0-425A-B483-2BA1726EB38F}
		{CE0FB97A-01EA-482D-A952-30954E832939} = {945F782B-B1C0-425A-B483-2BA1726EB38F}
		{4CE9B5A9-0CFD-4000-95D4-62B6D4D26103} = {945F782B-B1C0-425A-B483-2BA1726EB38F}
		{C86F95F1-9230-46B1-9448-135368DD16BB} = {F0B036A0-30AC-4321-B798-49B330F65515}
		{AB90D7E2-906C-4DAD-85BA-6798C0AB7DBF} = {F0B036A0-30AC-4321-B798-49B330F65515}
		{1BD6343B-0F2B-4A59-947A-32A370C17E12} = {F0B036A0-30AC-4321-B798-49B330F65515}
	EndGlobalSection
	GlobalSection(ExtensibilityGlobals) = postSolution
		SolutionGuid = {7EA0B192-28F5-42C9-BC44-E17CD4ED07F2}
	EndGlobalSection
EndGlobal
